
Microsoft Visual Studio Solution File, Format Version 12.00
# Visual Studio Version 16
VisualStudioVersion = 16.0.30907.101
MinimumVisualStudioVersion = 10.0.40219.1
Project("{FAE04EC0-301F-11D3-BF4B-00C04F79EFBC}") = "GTO_Program", "GTO_Program\GTO_Program.csproj", "{D2D47681-CEA4-4E5B-9EB5-8FEFA1B4099F}"
EndProject
Global
	GlobalSection(SolutionConfigurationPlatforms) = preSolution
		Debug|Any CPU = Debug|Any CPU
		Release|Any CPU = Release|Any CPU
	EndGlobalSection
	GlobalSection(ProjectConfigurationPlatforms) = postSolution
		{D2D47681-CEA4-4E5B-9EB5-8FEFA1B4099F}.Debug|Any CPU.ActiveCfg = Debug|Any CPU
		{D2D47681-CEA4-4E5B-9EB5-8FEFA1B4099F}.Debug|Any CPU.Build.0 = Debug|Any CPU
		{D2D47681-CEA4-4E5B-9EB5-8FEFA1B4099F}.Release|Any CPU.ActiveCfg = Release|Any CPU
		{D2D47681-CEA4-4E5B-9EB5-8FEFA1B4099F}.Release|Any CPU.Build.0 = Release|Any CPU
	EndGlobalSection
	GlobalSection(SolutionProperties) = preSolution
		HideSolutionNode = FALSE
	EndGlobalSection
	GlobalSection(ExtensibilityGlobals) = postSolution
		SolutionGuid = {2D39745B-0AC9-4607-9AFE-979D282F6FC7}
	EndGlobalSection
EndGlobal
